
Microsoft Visual Studio Solution File, Format Version 12.00
# Visual Studio Version 17
VisualStudioVersion = 17.14.36414.22 d17.14
MinimumVisualStudioVersion = 10.0.40219.1
Project("{FAE04EC0-301F-11D3-BF4B-00C04F79EFBC}") = "Dal_Book", "Dal_Book\Dal_Book.csproj", "{EBF7D404-3ED4-40A1-9E0E-E7C31CF6D32B}"
EndProject
Project("{FAE04EC0-301F-11D3-BF4B-00C04F79EFBC}") = "Pal_Book", "Pal_Book\Pal_Book.csproj", "{A34FCA6A-175E-492D-A98F-F0A40FB813AF}"
EndProject
Global
	GlobalSection(SolutionConfigurationPlatforms) = preSolution
		Debug|Any CPU = Debug|Any CPU
		Release|Any CPU = Release|Any CPU
	EndGlobalSection
	GlobalSection(ProjectConfigurationPlatforms) = postSolution
		{EBF7D404-3ED4-40A1-9E0E-E7C31CF6D32B}.Debug|Any CPU.ActiveCfg = Debug|Any CPU
		{EBF7D404-3ED4-40A1-9E0E-E7C31CF6D32B}.Debug|Any CPU.Build.0 = Debug|Any CPU
		{EBF7D404-3ED4-40A1-9E0E-E7C31CF6D32B}.Release|Any CPU.ActiveCfg = Release|Any CPU
		{EBF7D404-3ED4-40A1-9E0E-E7C31CF6D32B}.Release|Any CPU.Build.0 = Release|Any CPU
		{A34FCA6A-175E-492D-A98F-F0A40FB813AF}.Debug|Any CPU.ActiveCfg = Debug|Any CPU
		{A34FCA6A-175E-492D-A98F-F0A40FB813AF}.Debug|Any CPU.Build.0 = Debug|Any CPU
		{A34FCA6A-175E-492D-A98F-F0A40FB813AF}.Release|Any CPU.ActiveCfg = Release|Any CPU
		{A34FCA6A-175E-492D-A98F-F0A40FB813AF}.Release|Any CPU.Build.0 = Release|Any CPU
	EndGlobalSection
	GlobalSection(SolutionProperties) = preSolution
		HideSolutionNode = FALSE
	EndGlobalSection
	GlobalSection(ExtensibilityGlobals) = postSolution
		SolutionGuid = {2CD881B7-4B78-4148-849B-77B12554C0E0}
	EndGlobalSection
EndGlobal
